
Microsoft Visual Studio Solution File, Format Version 12.00
# Visual Studio 14
VisualStudioVersion = 14.0.25420.1
MinimumVisualStudioVersion = 10.0.40219.1
Project("{8BC9CEB8-8B4A-11D0-8D11-00A0C91BC942}") = "RLBot Core", "RLBot Core\RLBot Core.vcxproj", "{13120C2B-6B4A-424D-B2F1-645D62C118C9}"
EndProject
Project("{8BC9CEB8-8B4A-11D0-8D11-00A0C91BC942}") = "RLBot Core SDK", "RLBot Core SDK\RLBot Core SDK.vcxproj", "{4BD8CAF2-42AE-4FDD-91DA-C638F4D4F813}"
EndProject
Project("{8BC9CEB8-8B4A-11D0-8D11-00A0C91BC942}") = "RLBot Core Messages", "RLBot Core Messages\RLBot Core Messages.vcxproj", "{075F4B01-013A-4200-9720-95051226D748}"
EndProject
Project("{8BC9CEB8-8B4A-11D0-8D11-00A0C91BC942}") = "RLBot Core Interface", "RLBot Core Interface\RLBot Core Interface.vcxproj", "{5340E767-57EC-4855-86E4-8F978201B39F}"
EndProject
Project("{8BC9CEB8-8B4A-11D0-8D11-00A0C91BC942}") = "Protobuf", "Protobuf\Protobuf.vcxproj", "{3E9D3CE4-DB07-49F5-B186-A38A5A494E35}"
EndProject
Global
	GlobalSection(SolutionConfigurationPlatforms) = preSolution
		Debug|x64 = Debug|x64
		Debug|x86 = Debug|x86
		Debug-SDK|x64 = Debug-SDK|x64
		Debug-SDK|x86 = Debug-SDK|x86
		Release|x64 = Release|x64
		Release|x86 = Release|x86
		Release-SDK|x64 = Release-SDK|x64
		Release-SDK|x86 = Release-SDK|x86
	EndGlobalSection
	GlobalSection(ProjectConfigurationPlatforms) = postSolution
		{13120C2B-6B4A-424D-B2F1-645D62C118C9}.Debug|x64.ActiveCfg = Debug|x64
		{13120C2B-6B4A-424D-B2F1-645D62C118C9}.Debug|x64.Build.0 = Debug|x64
		{13120C2B-6B4A-424D-B2F1-645D62C118C9}.Debug|x86.ActiveCfg = Debug|Win32
		{13120C2B-6B4A-424D-B2F1-645D62C118C9}.Debug|x86.Build.0 = Debug|Win32
		{13120C2B-6B4A-424D-B2F1-645D62C118C9}.Debug-SDK|x64.ActiveCfg = Debug-SDK|x64
		{13120C2B-6B4A-424D-B2F1-645D62C118C9}.Debug-SDK|x86.ActiveCfg = Debug-SDK|Win32
		{13120C2B-6B4A-424D-B2F1-645D62C118C9}.Debug-SDK|x86.Build.0 = Debug-SDK|Win32
		{13120C2B-6B4A-424D-B2F1-645D62C118C9}.Release|x64.ActiveCfg = Release|x64
		{13120C2B-6B4A-424D-B2F1-645D62C118C9}.Release|x64.Build.0 = Release|x64
		{13120C2B-6B4A-424D-B2F1-645D62C118C9}.Release|x86.ActiveCfg = Release|Win32
		{13120C2B-6B4A-424D-B2F1-645D62C118C9}.Release|x86.Build.0 = Release|Win32
		{13120C2B-6B4A-424D-B2F1-645D62C118C9}.Release-SDK|x64.ActiveCfg = Release-SDK|x64
		{13120C2B-6B4A-424D-B2F1-645D62C118C9}.Release-SDK|x86.ActiveCfg = Release-SDK|Win32
		{13120C2B-6B4A-424D-B2F1-645D62C118C9}.Release-SDK|x86.Build.0 = Release-SDK|Win32
		{4BD8CAF2-42AE-4FDD-91DA-C638F4D4F813}.Debug|x64.ActiveCfg = Debug|x64
		{4BD8CAF2-42AE-4FDD-91DA-C638F4D4F813}.Debug|x64.Build.0 = Debug|x64
		{4BD8CAF2-42AE-4FDD-91DA-C638F4D4F813}.Debug|x86.ActiveCfg = Debug|Win32
		{4BD8CAF2-42AE-4FDD-91DA-C638F4D4F813}.Debug|x86.Build.0 = Debug|Win32
		{4BD8CAF2-42AE-4FDD-91DA-C638F4D4F813}.Debug-SDK|x64.ActiveCfg = Debug-SDK|x64
		{4BD8CAF2-42AE-4FDD-91DA-C638F4D4F813}.Debug-SDK|x64.Build.0 = Debug-SDK|x64
		{4BD8CAF2-42AE-4FDD-91DA-C638F4D4F813}.Debug-SDK|x86.ActiveCfg = Debug-SDK|Win32
		{4BD8CAF2-42AE-4FDD-91DA-C638F4D4F813}.Debug-SDK|x86.Build.0 = Debug-SDK|Win32
		{4BD8CAF2-42AE-4FDD-91DA-C638F4D4F813}.Release|x64.ActiveCfg = Release|x64
		{4BD8CAF2-42AE-4FDD-91DA-C638F4D4F813}.Release|x64.Build.0 = Release|x64
		{4BD8CAF2-42AE-4FDD-91DA-C638F4D4F813}.Release|x86.ActiveCfg = Release|Win32
		{4BD8CAF2-42AE-4FDD-91DA-C638F4D4F813}.Release|x86.Build.0 = Release|Win32
		{4BD8CAF2-42AE-4FDD-91DA-C638F4D4F813}.Release-SDK|x64.ActiveCfg = Release-SDK|x64
		{4BD8CAF2-42AE-4FDD-91DA-C638F4D4F813}.Release-SDK|x64.Build.0 = Release-SDK|x64
		{4BD8CAF2-42AE-4FDD-91DA-C638F4D4F813}.Release-SDK|x86.ActiveCfg = Release-SDK|Win32
		{4BD8CAF2-42AE-4FDD-91DA-C638F4D4F813}.Release-SDK|x86.Build.0 = Release-SDK|Win32
		{075F4B01-013A-4200-9720-95051226D748}.Debug|x64.ActiveCfg = Debug|x64
		{075F4B01-013A-4200-9720-95051226D748}.Debug|x64.Build.0 = Debug|x64
		{075F4B01-013A-4200-9720-95051226D748}.Debug|x86.ActiveCfg = Debug|Win32
		{075F4B01-013A-4200-9720-95051226D748}.Debug|x86.Build.0 = Debug|Win32
		{075F4B01-013A-4200-9720-95051226D748}.Debug-SDK|x64.ActiveCfg = Debug-SDK|x64
		{075F4B01-013A-4200-9720-95051226D748}.Debug-SDK|x64.Build.0 = Debug-SDK|x64
		{075F4B01-013A-4200-9720-95051226D748}.Debug-SDK|x86.ActiveCfg = Debug-SDK|Win32
		{075F4B01-013A-4200-9720-95051226D748}.Debug-SDK|x86.Build.0 = Debug-SDK|Win32
		{075F4B01-013A-4200-9720-95051226D748}.Release|x64.ActiveCfg = Release|x64
		{075F4B01-013A-4200-9720-95051226D748}.Release|x64.Build.0 = Release|x64
		{075F4B01-013A-4200-9720-95051226D748}.Release|x86.ActiveCfg = Release|Win32
		{075F4B01-013A-4200-9720-95051226D748}.Release|x86.Build.0 = Release|Win32
		{075F4B01-013A-4200-9720-95051226D748}.Release-SDK|x64.ActiveCfg = Release-SDK|x64
		{075F4B01-013A-4200-9720-95051226D748}.Release-SDK|x64.Build.0 = Release-SDK|x64
		{075F4B01-013A-4200-9720-95051226D748}.Release-SDK|x86.ActiveCfg = Release-SDK|Win32
		{075F4B01-013A-4200-9720-95051226D748}.Release-SDK|x86.Build.0 = Release-SDK|Win32
		{5340E767-57EC-4855-86E4-8F978201B39F}.Debug|x64.ActiveCfg = Debug|x64
		{5340E767-57EC-4855-86E4-8F978201B39F}.Debug|x64.Build.0 = Debug|x64
		{5340E767-57EC-4855-86E4-8F978201B39F}.Debug|x86.ActiveCfg = Debug|Win32
		{5340E767-57EC-4855-86E4-8F978201B39F}.Debug|x86.Build.0 = Debug|Win32
		{5340E767-57EC-4855-86E4-8F978201B39F}.Debug-SDK|x64.ActiveCfg = Debug-SDK|x64
		{5340E767-57EC-4855-86E4-8F978201B39F}.Debug-SDK|x64.Build.0 = Debug-SDK|x64
		{5340E767-57EC-4855-86E4-8F978201B39F}.Debug-SDK|x86.ActiveCfg = Debug-SDK|Win32
		{5340E767-57EC-4855-86E4-8F978201B39F}.Debug-SDK|x86.Build.0 = Debug-SDK|Win32
		{5340E767-57EC-4855-86E4-8F978201B39F}.Release|x64.ActiveCfg = Release|x64
		{5340E767-57EC-4855-86E4-8F978201B39F}.Release|x64.Build.0 = Release|x64
		{5340E767-57EC-4855-86E4-8F978201B39F}.Release|x86.ActiveCfg = Release|Win32
		{5340E767-57EC-4855-86E4-8F978201B39F}.Release|x86.Build.0 = Release|Win32
		{5340E767-57EC-4855-86E4-8F978201B39F}.Release-SDK|x64.ActiveCfg = Release-SDK|x64
		{5340E767-57EC-4855-86E4-8F978201B39F}.Release-SDK|x64.Build.0 = Release-SDK|x64
		{5340E767-57EC-4855-86E4-8F978201B39F}.Release-SDK|x86.ActiveCfg = Release-SDK|Win32
		{5340E767-57EC-4855-86E4-8F978201B39F}.Release-SDK|x86.Build.0 = Release-SDK|Win32
		{3E9D3CE4-DB07-49F5-B186-A38A5A494E35}.Debug|x64.ActiveCfg = Debug|x64
		{3E9D3CE4-DB07-49F5-B186-A38A5A494E35}.Debug|x64.Build.0 = Debug|x64
		{3E9D3CE4-DB07-49F5-B186-A38A5A494E35}.Debug|x86.ActiveCfg = Debug|Win32
		{3E9D3CE4-DB07-49F5-B186-A38A5A494E35}.Debug|x86.Build.0 = Debug|Win32
		{3E9D3CE4-DB07-49F5-B186-A38A5A494E35}.Debug-SDK|x64.ActiveCfg = Debug|x64
		{3E9D3CE4-DB07-49F5-B186-A38A5A494E35}.Debug-SDK|x64.Build.0 = Debug|x64
		{3E9D3CE4-DB07-49F5-B186-A38A5A494E35}.Debug-SDK|x86.ActiveCfg = Debug|Win32
		{3E9D3CE4-DB07-49F5-B186-A38A5A494E35}.Debug-SDK|x86.Build.0 = Debug|Win32
		{3E9D3CE4-DB07-49F5-B186-A38A5A494E35}.Release|x64.ActiveCfg = Release|x64
		{3E9D3CE4-DB07-49F5-B186-A38A5A494E35}.Release|x64.Build.0 = Release|x64
		{3E9D3CE4-DB07-49F5-B186-A38A5A494E35}.Release|x86.ActiveCfg = Release|Win32
		{3E9D3CE4-DB07-49F5-B186-A38A5A494E35}.Release|x86.Build.0 = Release|Win32
		{3E9D3CE4-DB07-49F5-B186-A38A5A494E35}.Release-SDK|x64.ActiveCfg = Release-SDK|x64
		{3E9D3CE4-DB07-49F5-B186-A38A5A494E35}.Release-SDK|x64.Build.0 = Release-SDK|x64
		{3E9D3CE4-DB07-49F5-B186-A38A5A494E35}.Release-SDK|x86.ActiveCfg = Release|Win32
		{3E9D3CE4-DB07-49F5-B186-A38A5A494E35}.Release-SDK|x86.Build.0 = Release|Win32
	EndGlobalSection
	GlobalSection(SolutionProperties) = preSolution
		HideSolutionNode = FALSE
	EndGlobalSection
EndGlobal
