
Microsoft Visual Studio Solution File, Format Version 12.00
Project("{FAE04EC0-301F-11D3-BF4B-00C04F79EFBC}") = "RLBotSharp", "RLBotSharp\RLBotSharp.csproj", "{0277B6B5-7861-401F-920A-48975E607CE4}"
EndProject
Global
	GlobalSection(SolutionConfigurationPlatforms) = preSolution
		Debug|Any CPU = Debug|Any CPU
		Release|Any CPU = Release|Any CPU
	EndGlobalSection
	GlobalSection(ProjectConfigurationPlatforms) = postSolution
		{0277B6B5-7861-401F-920A-48975E607CE4}.Debug|Any CPU.ActiveCfg = Debug|Any CPU
		{0277B6B5-7861-401F-920A-48975E607CE4}.Debug|Any CPU.Build.0 = Debug|Any CPU
		{0277B6B5-7861-401F-920A-48975E607CE4}.Release|Any CPU.ActiveCfg = Release|Any CPU
		{0277B6B5-7861-401F-920A-48975E607CE4}.Release|Any CPU.Build.0 = Release|Any CPU
	EndGlobalSection
EndGlobal
